
Microsoft Visual Studio Solution File, Format Version 12.00
# Visual Studio Version 16
VisualStudioVersion = 16.0.30717.126
MinimumVisualStudioVersion = 10.0.40219.1
Project("{FAE04EC0-301F-11D3-BF4B-00C04F79EFBC}") = "PrismClient", "PrismClient\PrismClient.csproj", "{0B2ADA3D-4126-4A26-BF2B-8B3BEA9A6989}"
EndProject
Project("{FAE04EC0-301F-11D3-BF4B-00C04F79EFBC}") = "PrismWeb", "PrismWeb\PrismWeb.csproj", "{5CB539B7-A9EC-413A-B18D-3982E0EEF756}"
EndProject
Global
	GlobalSection(SolutionConfigurationPlatforms) = preSolution
		Debug|Any CPU = Debug|Any CPU
		Release|Any CPU = Release|Any CPU
	EndGlobalSection
	GlobalSection(ProjectConfigurationPlatforms) = postSolution
		{0B2ADA3D-4126-4A26-BF2B-8B3BEA9A6989}.Debug|Any CPU.ActiveCfg = Debug|Any CPU
		{0B2ADA3D-4126-4A26-BF2B-8B3BEA9A6989}.Debug|Any CPU.Build.0 = Debug|Any CPU
		{0B2ADA3D-4126-4A26-BF2B-8B3BEA9A6989}.Release|Any CPU.ActiveCfg = Release|Any CPU
		{0B2ADA3D-4126-4A26-BF2B-8B3BEA9A6989}.Release|Any CPU.Build.0 = Release|Any CPU
		{5CB539B7-A9EC-413A-B18D-3982E0EEF756}.Debug|Any CPU.ActiveCfg = Debug|Any CPU
		{5CB539B7-A9EC-413A-B18D-3982E0EEF756}.Debug|Any CPU.Build.0 = Debug|Any CPU
		{5CB539B7-A9EC-413A-B18D-3982E0EEF756}.Release|Any CPU.ActiveCfg = Release|Any CPU
		{5CB539B7-A9EC-413A-B18D-3982E0EEF756}.Release|Any CPU.Build.0 = Release|Any CPU
	EndGlobalSection
	GlobalSection(SolutionProperties) = preSolution
		HideSolutionNode = FALSE
	EndGlobalSection
	GlobalSection(ExtensibilityGlobals) = postSolution
		SolutionGuid = {3EB6D36C-BECE-4422-A537-54F1BAE6D151}
	EndGlobalSection
EndGlobal
